// !$*UTF8*$!
{
	archiveVersion = 1;
	classes = {
	};
	objectVersion = 51;
	objects = {

/* Begin PBXBuildFile section */
		00A215F6A141ADFCA12EF9F6 /* Pods_movieTinder_movieTinderUITests.framework in Frameworks */ = {isa = PBXBuildFile; fileRef = 85E19B182B4DB26EE35569AF /* Pods_movieTinder_movieTinderUITests.framework */; };
		0F02117F260667F300D94701 /* LoginView.swift in Sources */ = {isa = PBXBuildFile; fileRef = 0F02117E260667F300D94701 /* LoginView.swift */; };
		0F0211842606680300D94701 /* Launch Screen.storyboard in Resources */ = {isa = PBXBuildFile; fileRef = 0F0211832606680300D94701 /* Launch Screen.storyboard */; };
		0F1F724026057A8A00EA07C4 /* movieTinderApp.swift in Sources */ = {isa = PBXBuildFile; fileRef = 0F1F723F26057A8A00EA07C4 /* movieTinderApp.swift */; };
		0F1F724226057A8A00EA07C4 /* MovieView.swift in Sources */ = {isa = PBXBuildFile; fileRef = 0F1F724126057A8A00EA07C4 /* MovieView.swift */; };
		0F1F724426057A8B00EA07C4 /* Assets.xcassets in Resources */ = {isa = PBXBuildFile; fileRef = 0F1F724326057A8B00EA07C4 /* Assets.xcassets */; };
		0F1F724726057A8B00EA07C4 /* Preview Assets.xcassets in Resources */ = {isa = PBXBuildFile; fileRef = 0F1F724626057A8B00EA07C4 /* Preview Assets.xcassets */; };
		0F1F725226057A8B00EA07C4 /* movieTinderTests.swift in Sources */ = {isa = PBXBuildFile; fileRef = 0F1F725126057A8B00EA07C4 /* movieTinderTests.swift */; };
		0F1F725D26057A8B00EA07C4 /* movieTinderUITests.swift in Sources */ = {isa = PBXBuildFile; fileRef = 0F1F725C26057A8B00EA07C4 /* movieTinderUITests.swift */; };
		0F1F72712605812800EA07C4 /* Movie.swift in Sources */ = {isa = PBXBuildFile; fileRef = 0F1F72702605812800EA07C4 /* Movie.swift */; };
		0F20BE7C26576B3A007C8765 /* HBOfulldata.json in Resources */ = {isa = PBXBuildFile; fileRef = 0F20BE7B26576B3A007C8765 /* HBOfulldata.json */; };
		0F3B9FB926B34CDE00AFC2B4 /* GoogleService-Info.plist in Resources */ = {isa = PBXBuildFile; fileRef = 0F3B9FB826B34CDD00AFC2B4 /* GoogleService-Info.plist */; };
		0F3B9FBA26B34CDE00AFC2B4 /* GoogleService-Info.plist in Resources */ = {isa = PBXBuildFile; fileRef = 0F3B9FB826B34CDD00AFC2B4 /* GoogleService-Info.plist */; };
		0F3B9FBB26B34CDE00AFC2B4 /* GoogleService-Info.plist in Resources */ = {isa = PBXBuildFile; fileRef = 0F3B9FB826B34CDD00AFC2B4 /* GoogleService-Info.plist */; };
		0F3B9FBD26B49AD600AFC2B4 /* DividerWithText.swift in Sources */ = {isa = PBXBuildFile; fileRef = 0F3B9FBC26B49AD600AFC2B4 /* DividerWithText.swift */; };
		0F519AF12630A4300005B845 /* MoviePreviewView.swift in Sources */ = {isa = PBXBuildFile; fileRef = 0F519AF02630A4300005B845 /* MoviePreviewView.swift */; };
		0F6677ED26113B0F00114612 /* MainContentView.swift in Sources */ = {isa = PBXBuildFile; fileRef = 0F6677EC26113B0F00114612 /* MainContentView.swift */; };
		0F8CFEC1260FA84B006D5B8C /* AddFreindsView.swift in Sources */ = {isa = PBXBuildFile; fileRef = 0F8CFEC0260FA84B006D5B8C /* AddFreindsView.swift */; };
		0FA5D16726124CB1003EFE22 /* FriendsContentView.swift in Sources */ = {isa = PBXBuildFile; fileRef = 0FA5D16626124CB1003EFE22 /* FriendsContentView.swift */; };
		0FA5D16C26125829003EFE22 /* MatchView.swift in Sources */ = {isa = PBXBuildFile; fileRef = 0FA5D16B26125829003EFE22 /* MatchView.swift */; };
		0FA5D17126126503003EFE22 /* LikedContentView.swift in Sources */ = {isa = PBXBuildFile; fileRef = 0FA5D17026126503003EFE22 /* LikedContentView.swift */; };
		0FA5D1762612651B003EFE22 /* SearchBar.swift in Sources */ = {isa = PBXBuildFile; fileRef = 0FA5D1752612651B003EFE22 /* SearchBar.swift */; };
		0FE76D85260BB89A00C23170 /* User.swift in Sources */ = {isa = PBXBuildFile; fileRef = 0FE76D84260BB89A00C23170 /* User.swift */; };
		0FEFB34D2613CE6D000C416B /* SettingsContentView.swift in Sources */ = {isa = PBXBuildFile; fileRef = 0FEFB34C2613CE6D000C416B /* SettingsContentView.swift */; };
		0FF19D94264F715700B085A3 /* AddMoviesFunc.swift in Sources */ = {isa = PBXBuildFile; fileRef = 0FF19D93264F715700B085A3 /* AddMoviesFunc.swift */; };
		E69B4DE61692AC7900A2CFB2 /* Pods_movieTinderTests.framework in Frameworks */ = {isa = PBXBuildFile; fileRef = D9C46FD4020090F753DF8D03 /* Pods_movieTinderTests.framework */; };
		FD2AC179D5D3634FF8691F3D /* Pods_movieTinder.framework in Frameworks */ = {isa = PBXBuildFile; fileRef = 1AF9F17F5E5B2C2871BB2C30 /* Pods_movieTinder.framework */; };
/* End PBXBuildFile section */

/* Begin PBXContainerItemProxy section */
		0F1F724E26057A8B00EA07C4 /* PBXContainerItemProxy */ = {
			isa = PBXContainerItemProxy;
			containerPortal = 0F1F723426057A8A00EA07C4 /* Project object */;
			proxyType = 1;
			remoteGlobalIDString = 0F1F723B26057A8A00EA07C4;
			remoteInfo = movieTinder;
		};
		0F1F725926057A8B00EA07C4 /* PBXContainerItemProxy */ = {
			isa = PBXContainerItemProxy;
			containerPortal = 0F1F723426057A8A00EA07C4 /* Project object */;
			proxyType = 1;
			remoteGlobalIDString = 0F1F723B26057A8A00EA07C4;
			remoteInfo = movieTinder;
		};
/* End PBXContainerItemProxy section */

/* Begin PBXFileReference section */
		0F02117E260667F300D94701 /* LoginView.swift */ = {isa = PBXFileReference; lastKnownFileType = sourcecode.swift; path = LoginView.swift; sourceTree = "<group>"; };
		0F0211832606680300D94701 /* Launch Screen.storyboard */ = {isa = PBXFileReference; lastKnownFileType = file.storyboard; path = "Launch Screen.storyboard"; sourceTree = "<group>"; };
		0F1F723C26057A8A00EA07C4 /* movieTinder.app */ = {isa = PBXFileReference; explicitFileType = wrapper.application; includeInIndex = 0; path = movieTinder.app; sourceTree = BUILT_PRODUCTS_DIR; };
		0F1F723F26057A8A00EA07C4 /* movieTinderApp.swift */ = {isa = PBXFileReference; lastKnownFileType = sourcecode.swift; path = movieTinderApp.swift; sourceTree = "<group>"; };
		0F1F724126057A8A00EA07C4 /* MovieView.swift */ = {isa = PBXFileReference; lastKnownFileType = sourcecode.swift; path = MovieView.swift; sourceTree = "<group>"; };
		0F1F724326057A8B00EA07C4 /* Assets.xcassets */ = {isa = PBXFileReference; lastKnownFileType = folder.assetcatalog; path = Assets.xcassets; sourceTree = "<group>"; };
		0F1F724626057A8B00EA07C4 /* Preview Assets.xcassets */ = {isa = PBXFileReference; lastKnownFileType = folder.assetcatalog; path = "Preview Assets.xcassets"; sourceTree = "<group>"; };
		0F1F724826057A8B00EA07C4 /* Info.plist */ = {isa = PBXFileReference; lastKnownFileType = text.plist.xml; path = Info.plist; sourceTree = "<group>"; };
		0F1F724D26057A8B00EA07C4 /* movieTinderTests.xctest */ = {isa = PBXFileReference; explicitFileType = wrapper.cfbundle; includeInIndex = 0; path = movieTinderTests.xctest; sourceTree = BUILT_PRODUCTS_DIR; };
		0F1F725126057A8B00EA07C4 /* movieTinderTests.swift */ = {isa = PBXFileReference; lastKnownFileType = sourcecode.swift; path = movieTinderTests.swift; sourceTree = "<group>"; };
		0F1F725326057A8B00EA07C4 /* Info.plist */ = {isa = PBXFileReference; lastKnownFileType = text.plist.xml; path = Info.plist; sourceTree = "<group>"; };
		0F1F725826057A8B00EA07C4 /* movieTinderUITests.xctest */ = {isa = PBXFileReference; explicitFileType = wrapper.cfbundle; includeInIndex = 0; path = movieTinderUITests.xctest; sourceTree = BUILT_PRODUCTS_DIR; };
		0F1F725C26057A8B00EA07C4 /* movieTinderUITests.swift */ = {isa = PBXFileReference; lastKnownFileType = sourcecode.swift; path = movieTinderUITests.swift; sourceTree = "<group>"; };
		0F1F725E26057A8B00EA07C4 /* Info.plist */ = {isa = PBXFileReference; lastKnownFileType = text.plist.xml; path = Info.plist; sourceTree = "<group>"; };
		0F1F72702605812800EA07C4 /* Movie.swift */ = {isa = PBXFileReference; lastKnownFileType = sourcecode.swift; path = Movie.swift; sourceTree = "<group>"; };
		0F20BE7B26576B3A007C8765 /* HBOfulldata.json */ = {isa = PBXFileReference; fileEncoding = 4; lastKnownFileType = text.json; path = HBOfulldata.json; sourceTree = "<group>"; };
		0F3B9FB826B34CDD00AFC2B4 /* GoogleService-Info.plist */ = {isa = PBXFileReference; fileEncoding = 4; lastKnownFileType = text.plist.xml; path = "GoogleService-Info.plist"; sourceTree = "<group>"; };
		0F3B9FBC26B49AD600AFC2B4 /* DividerWithText.swift */ = {isa = PBXFileReference; lastKnownFileType = sourcecode.swift; path = DividerWithText.swift; sourceTree = "<group>"; };
		0F519AF02630A4300005B845 /* MoviePreviewView.swift */ = {isa = PBXFileReference; lastKnownFileType = sourcecode.swift; path = MoviePreviewView.swift; sourceTree = "<group>"; };
		0F6677EC26113B0F00114612 /* MainContentView.swift */ = {isa = PBXFileReference; lastKnownFileType = sourcecode.swift; path = MainContentView.swift; sourceTree = "<group>"; };
		0F8CFEC0260FA84B006D5B8C /* AddFreindsView.swift */ = {isa = PBXFileReference; lastKnownFileType = sourcecode.swift; path = AddFreindsView.swift; sourceTree = "<group>"; };
		0FA5D16626124CB1003EFE22 /* FriendsContentView.swift */ = {isa = PBXFileReference; lastKnownFileType = sourcecode.swift; path = FriendsContentView.swift; sourceTree = "<group>"; };
		0FA5D16B26125829003EFE22 /* MatchView.swift */ = {isa = PBXFileReference; lastKnownFileType = sourcecode.swift; path = MatchView.swift; sourceTree = "<group>"; };
		0FA5D17026126503003EFE22 /* LikedContentView.swift */ = {isa = PBXFileReference; lastKnownFileType = sourcecode.swift; path = LikedContentView.swift; sourceTree = "<group>"; };
		0FA5D1752612651B003EFE22 /* SearchBar.swift */ = {isa = PBXFileReference; lastKnownFileType = sourcecode.swift; path = SearchBar.swift; sourceTree = "<group>"; };
		0FE76D84260BB89A00C23170 /* User.swift */ = {isa = PBXFileReference; lastKnownFileType = sourcecode.swift; path = User.swift; sourceTree = "<group>"; };
		0FEFB34C2613CE6D000C416B /* SettingsContentView.swift */ = {isa = PBXFileReference; lastKnownFileType = sourcecode.swift; path = SettingsContentView.swift; sourceTree = "<group>"; };
		0FF19D93264F715700B085A3 /* AddMoviesFunc.swift */ = {isa = PBXFileReference; lastKnownFileType = sourcecode.swift; path = AddMoviesFunc.swift; sourceTree = "<group>"; };
		1AF9F17F5E5B2C2871BB2C30 /* Pods_movieTinder.framework */ = {isa = PBXFileReference; explicitFileType = wrapper.framework; includeInIndex = 0; path = Pods_movieTinder.framework; sourceTree = BUILT_PRODUCTS_DIR; };
		582AEB83752656B2F3D5EE3D /* Pods-movieTinderTests.debug.xcconfig */ = {isa = PBXFileReference; includeInIndex = 1; lastKnownFileType = text.xcconfig; name = "Pods-movieTinderTests.debug.xcconfig"; path = "Target Support Files/Pods-movieTinderTests/Pods-movieTinderTests.debug.xcconfig"; sourceTree = "<group>"; };
		6832DE4DA4F600068143C058 /* Pods-movieTinder-movieTinderUITests.debug.xcconfig */ = {isa = PBXFileReference; includeInIndex = 1; lastKnownFileType = text.xcconfig; name = "Pods-movieTinder-movieTinderUITests.debug.xcconfig"; path = "Target Support Files/Pods-movieTinder-movieTinderUITests/Pods-movieTinder-movieTinderUITests.debug.xcconfig"; sourceTree = "<group>"; };
		85E19B182B4DB26EE35569AF /* Pods_movieTinder_movieTinderUITests.framework */ = {isa = PBXFileReference; explicitFileType = wrapper.framework; includeInIndex = 0; path = Pods_movieTinder_movieTinderUITests.framework; sourceTree = BUILT_PRODUCTS_DIR; };
		A577DC7E5D68FF9481E56735 /* Pods-movieTinder.debug.xcconfig */ = {isa = PBXFileReference; includeInIndex = 1; lastKnownFileType = text.xcconfig; name = "Pods-movieTinder.debug.xcconfig"; path = "Target Support Files/Pods-movieTinder/Pods-movieTinder.debug.xcconfig"; sourceTree = "<group>"; };
		A7162A519DD3DC17FF576E8C /* Pods-movieTinder.release.xcconfig */ = {isa = PBXFileReference; includeInIndex = 1; lastKnownFileType = text.xcconfig; name = "Pods-movieTinder.release.xcconfig"; path = "Target Support Files/Pods-movieTinder/Pods-movieTinder.release.xcconfig"; sourceTree = "<group>"; };
		C24805361A3E5467FFB1C346 /* Pods-movieTinderTests.release.xcconfig */ = {isa = PBXFileReference; includeInIndex = 1; lastKnownFileType = text.xcconfig; name = "Pods-movieTinderTests.release.xcconfig"; path = "Target Support Files/Pods-movieTinderTests/Pods-movieTinderTests.release.xcconfig"; sourceTree = "<group>"; };
		D9C46FD4020090F753DF8D03 /* Pods_movieTinderTests.framework */ = {isa = PBXFileReference; explicitFileType = wrapper.framework; includeInIndex = 0; path = Pods_movieTinderTests.framework; sourceTree = BUILT_PRODUCTS_DIR; };
		DA238D55DFF3E9C6140FDFB5 /* Pods-movieTinder-movieTinderUITests.release.xcconfig */ = {isa = PBXFileReference; includeInIndex = 1; lastKnownFileType = text.xcconfig; name = "Pods-movieTinder-movieTinderUITests.release.xcconfig"; path = "Target Support Files/Pods-movieTinder-movieTinderUITests/Pods-movieTinder-movieTinderUITests.release.xcconfig"; sourceTree = "<group>"; };
/* End PBXFileReference section */

/* Begin PBXFrameworksBuildPhase section */
		0F1F723926057A8A00EA07C4 /* Frameworks */ = {
			isa = PBXFrameworksBuildPhase;
			buildActionMask = 2147483647;
			files = (
				FD2AC179D5D3634FF8691F3D /* Pods_movieTinder.framework in Frameworks */,
			);
			runOnlyForDeploymentPostprocessing = 0;
		};
		0F1F724A26057A8B00EA07C4 /* Frameworks */ = {
			isa = PBXFrameworksBuildPhase;
			buildActionMask = 2147483647;
			files = (
				E69B4DE61692AC7900A2CFB2 /* Pods_movieTinderTests.framework in Frameworks */,
			);
			runOnlyForDeploymentPostprocessing = 0;
		};
		0F1F725526057A8B00EA07C4 /* Frameworks */ = {
			isa = PBXFrameworksBuildPhase;
			buildActionMask = 2147483647;
			files = (
				00A215F6A141ADFCA12EF9F6 /* Pods_movieTinder_movieTinderUITests.framework in Frameworks */,
			);
			runOnlyForDeploymentPostprocessing = 0;
		};
/* End PBXFrameworksBuildPhase section */

/* Begin PBXGroup section */
		0F1F723326057A8A00EA07C4 = {
			isa = PBXGroup;
			children = (
				0F1F723E26057A8A00EA07C4 /* movieTinder */,
				0F1F725026057A8B00EA07C4 /* movieTinderTests */,
				0F1F725B26057A8B00EA07C4 /* movieTinderUITests */,
				0F1F723D26057A8A00EA07C4 /* Products */,
				907750053B7C33A7A6310C4C /* Pods */,
				75AAF016E462261D975557EE /* Frameworks */,
			);
			sourceTree = "<group>";
		};
		0F1F723D26057A8A00EA07C4 /* Products */ = {
			isa = PBXGroup;
			children = (
				0F1F723C26057A8A00EA07C4 /* movieTinder.app */,
				0F1F724D26057A8B00EA07C4 /* movieTinderTests.xctest */,
				0F1F725826057A8B00EA07C4 /* movieTinderUITests.xctest */,
			);
			name = Products;
			sourceTree = "<group>";
		};
		0F1F723E26057A8A00EA07C4 /* movieTinder */ = {
			isa = PBXGroup;
			children = (
				0F1F723F26057A8A00EA07C4 /* movieTinderApp.swift */,
				0F1F724126057A8A00EA07C4 /* MovieView.swift */,
				0FE76D84260BB89A00C23170 /* User.swift */,
				0FF19D93264F715700B085A3 /* AddMoviesFunc.swift */,
				0F3B9FBC26B49AD600AFC2B4 /* DividerWithText.swift */,
				0F02117E260667F300D94701 /* LoginView.swift */,
				0F8CFEC0260FA84B006D5B8C /* AddFreindsView.swift */,
				0F6677EC26113B0F00114612 /* MainContentView.swift */,
				0F20BE7B26576B3A007C8765 /* HBOfulldata.json */,
				0F0211832606680300D94701 /* Launch Screen.storyboard */,
				0FEFB34C2613CE6D000C416B /* SettingsContentView.swift */,
				0FA5D16626124CB1003EFE22 /* FriendsContentView.swift */,
				0FA5D17026126503003EFE22 /* LikedContentView.swift */,
				0FA5D1752612651B003EFE22 /* SearchBar.swift */,
				0FA5D16B26125829003EFE22 /* MatchView.swift */,
				0F519AF02630A4300005B845 /* MoviePreviewView.swift */,
				0F1F72702605812800EA07C4 /* Movie.swift */,
				0F3B9FB826B34CDD00AFC2B4 /* GoogleService-Info.plist */,
				0F1F724326057A8B00EA07C4 /* Assets.xcassets */,
				0F1F724826057A8B00EA07C4 /* Info.plist */,
				0F1F724526057A8B00EA07C4 /* Preview Content */,
			);
			path = movieTinder;
			sourceTree = "<group>";
		};
		0F1F724526057A8B00EA07C4 /* Preview Content */ = {
			isa = PBXGroup;
			children = (
				0F1F724626057A8B00EA07C4 /* Preview Assets.xcassets */,
			);
			path = "Preview Content";
			sourceTree = "<group>";
		};
		0F1F725026057A8B00EA07C4 /* movieTinderTests */ = {
			isa = PBXGroup;
			children = (
				0F1F725126057A8B00EA07C4 /* movieTinderTests.swift */,
				0F1F725326057A8B00EA07C4 /* Info.plist */,
			);
			path = movieTinderTests;
			sourceTree = "<group>";
		};
		0F1F725B26057A8B00EA07C4 /* movieTinderUITests */ = {
			isa = PBXGroup;
			children = (
				0F1F725C26057A8B00EA07C4 /* movieTinderUITests.swift */,
				0F1F725E26057A8B00EA07C4 /* Info.plist */,
			);
			path = movieTinderUITests;
			sourceTree = "<group>";
		};
		75AAF016E462261D975557EE /* Frameworks */ = {
			isa = PBXGroup;
			children = (
				1AF9F17F5E5B2C2871BB2C30 /* Pods_movieTinder.framework */,
				85E19B182B4DB26EE35569AF /* Pods_movieTinder_movieTinderUITests.framework */,
				D9C46FD4020090F753DF8D03 /* Pods_movieTinderTests.framework */,
			);
			name = Frameworks;
			sourceTree = "<group>";
		};
		907750053B7C33A7A6310C4C /* Pods */ = {
			isa = PBXGroup;
			children = (
				A577DC7E5D68FF9481E56735 /* Pods-movieTinder.debug.xcconfig */,
				A7162A519DD3DC17FF576E8C /* Pods-movieTinder.release.xcconfig */,
				6832DE4DA4F600068143C058 /* Pods-movieTinder-movieTinderUITests.debug.xcconfig */,
				DA238D55DFF3E9C6140FDFB5 /* Pods-movieTinder-movieTinderUITests.release.xcconfig */,
				582AEB83752656B2F3D5EE3D /* Pods-movieTinderTests.debug.xcconfig */,
				C24805361A3E5467FFB1C346 /* Pods-movieTinderTests.release.xcconfig */,
			);
			path = Pods;
			sourceTree = "<group>";
		};
/* End PBXGroup section */

/* Begin PBXNativeTarget section */
		0F1F723B26057A8A00EA07C4 /* movieTinder */ = {
			isa = PBXNativeTarget;
			buildConfigurationList = 0F1F726126057A8B00EA07C4 /* Build configuration list for PBXNativeTarget "movieTinder" */;
			buildPhases = (
				F91C18F1F8B73051D9CB4E15 /* [CP] Check Pods Manifest.lock */,
				0F1F723826057A8A00EA07C4 /* Sources */,
				0F1F723926057A8A00EA07C4 /* Frameworks */,
				0F1F723A26057A8A00EA07C4 /* Resources */,
				254F37AF1C9F2CB40C5577B4 /* [CP] Embed Pods Frameworks */,
			);
			buildRules = (
			);
			dependencies = (
			);
			name = movieTinder;
			productName = movieTinder;
			productReference = 0F1F723C26057A8A00EA07C4 /* movieTinder.app */;
			productType = "com.apple.product-type.application";
		};
		0F1F724C26057A8B00EA07C4 /* movieTinderTests */ = {
			isa = PBXNativeTarget;
			buildConfigurationList = 0F1F726426057A8B00EA07C4 /* Build configuration list for PBXNativeTarget "movieTinderTests" */;
			buildPhases = (
				A914EA013DA75248B2235AAA /* [CP] Check Pods Manifest.lock */,
				0F1F724926057A8B00EA07C4 /* Sources */,
				0F1F724A26057A8B00EA07C4 /* Frameworks */,
				0F1F724B26057A8B00EA07C4 /* Resources */,
			);
			buildRules = (
			);
			dependencies = (
				0F1F724F26057A8B00EA07C4 /* PBXTargetDependency */,
			);
			name = movieTinderTests;
			productName = movieTinderTests;
			productReference = 0F1F724D26057A8B00EA07C4 /* movieTinderTests.xctest */;
			productType = "com.apple.product-type.bundle.unit-test";
		};
		0F1F725726057A8B00EA07C4 /* movieTinderUITests */ = {
			isa = PBXNativeTarget;
			buildConfigurationList = 0F1F726726057A8B00EA07C4 /* Build configuration list for PBXNativeTarget "movieTinderUITests" */;
			buildPhases = (
				EDFF5AF56E6C46135030EEB7 /* [CP] Check Pods Manifest.lock */,
				0F1F725426057A8B00EA07C4 /* Sources */,
				0F1F725526057A8B00EA07C4 /* Frameworks */,
				0F1F725626057A8B00EA07C4 /* Resources */,
				6A3245EDDE888532976ED409 /* [CP] Embed Pods Frameworks */,
			);
			buildRules = (
			);
			dependencies = (
				0F1F725A26057A8B00EA07C4 /* PBXTargetDependency */,
			);
			name = movieTinderUITests;
			productName = movieTinderUITests;
			productReference = 0F1F725826057A8B00EA07C4 /* movieTinderUITests.xctest */;
			productType = "com.apple.product-type.bundle.ui-testing";
		};
/* End PBXNativeTarget section */

/* Begin PBXProject section */
		0F1F723426057A8A00EA07C4 /* Project object */ = {
			isa = PBXProject;
			attributes = {
				LastSwiftUpdateCheck = 1240;
				LastUpgradeCheck = 1240;
				TargetAttributes = {
					0F1F723B26057A8A00EA07C4 = {
						CreatedOnToolsVersion = 12.4;
					};
					0F1F724C26057A8B00EA07C4 = {
						CreatedOnToolsVersion = 12.4;
						TestTargetID = 0F1F723B26057A8A00EA07C4;
					};
					0F1F725726057A8B00EA07C4 = {
						CreatedOnToolsVersion = 12.4;
						TestTargetID = 0F1F723B26057A8A00EA07C4;
					};
				};
			};
			buildConfigurationList = 0F1F723726057A8A00EA07C4 /* Build configuration list for PBXProject "movieTinder" */;
			compatibilityVersion = "Xcode 9.3";
			developmentRegion = en;
			hasScannedForEncodings = 0;
			knownRegions = (
				en,
				Base,
			);
			mainGroup = 0F1F723326057A8A00EA07C4;
			productRefGroup = 0F1F723D26057A8A00EA07C4 /* Products */;
			projectDirPath = "";
			projectRoot = "";
			targets = (
				0F1F723B26057A8A00EA07C4 /* movieTinder */,
				0F1F724C26057A8B00EA07C4 /* movieTinderTests */,
				0F1F725726057A8B00EA07C4 /* movieTinderUITests */,
			);
		};
/* End PBXProject section */

/* Begin PBXResourcesBuildPhase section */
		0F1F723A26057A8A00EA07C4 /* Resources */ = {
			isa = PBXResourcesBuildPhase;
			buildActionMask = 2147483647;
			files = (
				0F0211842606680300D94701 /* Launch Screen.storyboard in Resources */,
				0F1F724726057A8B00EA07C4 /* Preview Assets.xcassets in Resources */,
				0F3B9FB926B34CDE00AFC2B4 /* GoogleService-Info.plist in Resources */,
				0F20BE7C26576B3A007C8765 /* HBOfulldata.json in Resources */,
				0F1F724426057A8B00EA07C4 /* Assets.xcassets in Resources */,
			);
			runOnlyForDeploymentPostprocessing = 0;
		};
		0F1F724B26057A8B00EA07C4 /* Resources */ = {
			isa = PBXResourcesBuildPhase;
			buildActionMask = 2147483647;
			files = (
				0F3B9FBA26B34CDE00AFC2B4 /* GoogleService-Info.plist in Resources */,
			);
			runOnlyForDeploymentPostprocessing = 0;
		};
		0F1F725626057A8B00EA07C4 /* Resources */ = {
			isa = PBXResourcesBuildPhase;
			buildActionMask = 2147483647;
			files = (
				0F3B9FBB26B34CDE00AFC2B4 /* GoogleService-Info.plist in Resources */,
			);
			runOnlyForDeploymentPostprocessing = 0;
		};
/* End PBXResourcesBuildPhase section */

/* Begin PBXShellScriptBuildPhase section */
		254F37AF1C9F2CB40C5577B4 /* [CP] Embed Pods Frameworks */ = {
			isa = PBXShellScriptBuildPhase;
			buildActionMask = 2147483647;
			files = (
			);
			inputFileListPaths = (
				"${PODS_ROOT}/Target Support Files/Pods-movieTinder/Pods-movieTinder-frameworks-${CONFIGURATION}-input-files.xcfilelist",
			);
			name = "[CP] Embed Pods Frameworks";
			outputFileListPaths = (
				"${PODS_ROOT}/Target Support Files/Pods-movieTinder/Pods-movieTinder-frameworks-${CONFIGURATION}-output-files.xcfilelist",
			);
			runOnlyForDeploymentPostprocessing = 0;
			shellPath = /bin/sh;
			shellScript = "\"${PODS_ROOT}/Target Support Files/Pods-movieTinder/Pods-movieTinder-frameworks.sh\"\n";
			showEnvVarsInLog = 0;
		};
		6A3245EDDE888532976ED409 /* [CP] Embed Pods Frameworks */ = {
			isa = PBXShellScriptBuildPhase;
			buildActionMask = 2147483647;
			files = (
			);
			inputFileListPaths = (
				"${PODS_ROOT}/Target Support Files/Pods-movieTinder-movieTinderUITests/Pods-movieTinder-movieTinderUITests-frameworks-${CONFIGURATION}-input-files.xcfilelist",
			);
			name = "[CP] Embed Pods Frameworks";
			outputFileListPaths = (
				"${PODS_ROOT}/Target Support Files/Pods-movieTinder-movieTinderUITests/Pods-movieTinder-movieTinderUITests-frameworks-${CONFIGURATION}-output-files.xcfilelist",
			);
			runOnlyForDeploymentPostprocessing = 0;
			shellPath = /bin/sh;
			shellScript = "\"${PODS_ROOT}/Target Support Files/Pods-movieTinder-movieTinderUITests/Pods-movieTinder-movieTinderUITests-frameworks.sh\"\n";
			showEnvVarsInLog = 0;
		};
		A914EA013DA75248B2235AAA /* [CP] Check Pods Manifest.lock */ = {
			isa = PBXShellScriptBuildPhase;
			buildActionMask = 2147483647;
			files = (
			);
			inputFileListPaths = (
			);
			inputPaths = (
				"${PODS_PODFILE_DIR_PATH}/Podfile.lock",
				"${PODS_ROOT}/Manifest.lock",
			);
			name = "[CP] Check Pods Manifest.lock";
			outputFileListPaths = (
			);
			outputPaths = (
				"$(DERIVED_FILE_DIR)/Pods-movieTinderTests-checkManifestLockResult.txt",
			);
			runOnlyForDeploymentPostprocessing = 0;
			shellPath = /bin/sh;
			shellScript = "diff \"${PODS_PODFILE_DIR_PATH}/Podfile.lock\" \"${PODS_ROOT}/Manifest.lock\" > /dev/null\nif [ $? != 0 ] ; then\n    # print error to STDERR\n    echo \"error: The sandbox is not in sync with the Podfile.lock. Run 'pod install' or update your CocoaPods installation.\" >&2\n    exit 1\nfi\n# This output is used by Xcode 'outputs' to avoid re-running this script phase.\necho \"SUCCESS\" > \"${SCRIPT_OUTPUT_FILE_0}\"\n";
			showEnvVarsInLog = 0;
		};
		EDFF5AF56E6C46135030EEB7 /* [CP] Check Pods Manifest.lock */ = {
			isa = PBXShellScriptBuildPhase;
			buildActionMask = 2147483647;
			files = (
			);
			inputFileListPaths = (
			);
			inputPaths = (
				"${PODS_PODFILE_DIR_PATH}/Podfile.lock",
				"${PODS_ROOT}/Manifest.lock",
			);
			name = "[CP] Check Pods Manifest.lock";
			outputFileListPaths = (
			);
			outputPaths = (
				"$(DERIVED_FILE_DIR)/Pods-movieTinder-movieTinderUITests-checkManifestLockResult.txt",
			);
			runOnlyForDeploymentPostprocessing = 0;
			shellPath = /bin/sh;
			shellScript = "diff \"${PODS_PODFILE_DIR_PATH}/Podfile.lock\" \"${PODS_ROOT}/Manifest.lock\" > /dev/null\nif [ $? != 0 ] ; then\n    # print error to STDERR\n    echo \"error: The sandbox is not in sync with the Podfile.lock. Run 'pod install' or update your CocoaPods installation.\" >&2\n    exit 1\nfi\n# This output is used by Xcode 'outputs' to avoid re-running this script phase.\necho \"SUCCESS\" > \"${SCRIPT_OUTPUT_FILE_0}\"\n";
			showEnvVarsInLog = 0;
		};
		F91C18F1F8B73051D9CB4E15 /* [CP] Check Pods Manifest.lock */ = {
			isa = PBXShellScriptBuildPhase;
			buildActionMask = 2147483647;
			files = (
			);
			inputFileListPaths = (
			);
			inputPaths = (
				"${PODS_PODFILE_DIR_PATH}/Podfile.lock",
				"${PODS_ROOT}/Manifest.lock",
			);
			name = "[CP] Check Pods Manifest.lock";
			outputFileListPaths = (
			);
			outputPaths = (
				"$(DERIVED_FILE_DIR)/Pods-movieTinder-checkManifestLockResult.txt",
			);
			runOnlyForDeploymentPostprocessing = 0;
			shellPath = /bin/sh;
			shellScript = "diff \"${PODS_PODFILE_DIR_PATH}/Podfile.lock\" \"${PODS_ROOT}/Manifest.lock\" > /dev/null\nif [ $? != 0 ] ; then\n    # print error to STDERR\n    echo \"error: The sandbox is not in sync with the Podfile.lock. Run 'pod install' or update your CocoaPods installation.\" >&2\n    exit 1\nfi\n# This output is used by Xcode 'outputs' to avoid re-running this script phase.\necho \"SUCCESS\" > \"${SCRIPT_OUTPUT_FILE_0}\"\n";
			showEnvVarsInLog = 0;
		};
/* End PBXShellScriptBuildPhase section */

/* Begin PBXSourcesBuildPhase section */
		0F1F723826057A8A00EA07C4 /* Sources */ = {
			isa = PBXSourcesBuildPhase;
			buildActionMask = 2147483647;
			files = (
				0F1F72712605812800EA07C4 /* Movie.swift in Sources */,
				0F8CFEC1260FA84B006D5B8C /* AddFreindsView.swift in Sources */,
				0FE76D85260BB89A00C23170 /* User.swift in Sources */,
				0F3B9FBD26B49AD600AFC2B4 /* DividerWithText.swift in Sources */,
				0F6677ED26113B0F00114612 /* MainContentView.swift in Sources */,
				0FA5D16726124CB1003EFE22 /* FriendsContentView.swift in Sources */,
				0FF19D94264F715700B085A3 /* AddMoviesFunc.swift in Sources */,
				0FA5D1762612651B003EFE22 /* SearchBar.swift in Sources */,
				0F1F724226057A8A00EA07C4 /* MovieView.swift in Sources */,
				0FA5D16C26125829003EFE22 /* MatchView.swift in Sources */,
				0F519AF12630A4300005B845 /* MoviePreviewView.swift in Sources */,
				0F02117F260667F300D94701 /* LoginView.swift in Sources */,
				0FEFB34D2613CE6D000C416B /* SettingsContentView.swift in Sources */,
				0FA5D17126126503003EFE22 /* LikedContentView.swift in Sources */,
				0F1F724026057A8A00EA07C4 /* movieTinderApp.swift in Sources */,
			);
			runOnlyForDeploymentPostprocessing = 0;
		};
		0F1F724926057A8B00EA07C4 /* Sources */ = {
			isa = PBXSourcesBuildPhase;
			buildActionMask = 2147483647;
			files = (
				0F1F725226057A8B00EA07C4 /* movieTinderTests.swift in Sources */,
			);
			runOnlyForDeploymentPostprocessing = 0;
		};
		0F1F725426057A8B00EA07C4 /* Sources */ = {
			isa = PBXSourcesBuildPhase;
			buildActionMask = 2147483647;
			files = (
				0F1F725D26057A8B00EA07C4 /* movieTinderUITests.swift in Sources */,
			);
			runOnlyForDeploymentPostprocessing = 0;
		};
/* End PBXSourcesBuildPhase section */

/* Begin PBXTargetDependency section */
		0F1F724F26057A8B00EA07C4 /* PBXTargetDependency */ = {
			isa = PBXTargetDependency;
			target = 0F1F723B26057A8A00EA07C4 /* movieTinder */;
			targetProxy = 0F1F724E26057A8B00EA07C4 /* PBXContainerItemProxy */;
		};
		0F1F725A26057A8B00EA07C4 /* PBXTargetDependency */ = {
			isa = PBXTargetDependency;
			target = 0F1F723B26057A8A00EA07C4 /* movieTinder */;
			targetProxy = 0F1F725926057A8B00EA07C4 /* PBXContainerItemProxy */;
		};
/* End PBXTargetDependency section */

/* Begin XCBuildConfiguration section */
		0F1F725F26057A8B00EA07C4 /* Debug */ = {
			isa = XCBuildConfiguration;
			buildSettings = {
				ALWAYS_SEARCH_USER_PATHS = NO;
				CLANG_ANALYZER_NONNULL = YES;
				CLANG_ANALYZER_NUMBER_OBJECT_CONVERSION = YES_AGGRESSIVE;
				CLANG_CXX_LANGUAGE_STANDARD = "gnu++14";
				CLANG_CXX_LIBRARY = "libc++";
				CLANG_ENABLE_MODULES = YES;
				CLANG_ENABLE_OBJC_ARC = YES;
				CLANG_ENABLE_OBJC_WEAK = YES;
				CLANG_WARN_BLOCK_CAPTURE_AUTORELEASING = YES;
				CLANG_WARN_BOOL_CONVERSION = YES;
				CLANG_WARN_COMMA = YES;
				CLANG_WARN_CONSTANT_CONVERSION = YES;
				CLANG_WARN_DEPRECATED_OBJC_IMPLEMENTATIONS = YES;
				CLANG_WARN_DIRECT_OBJC_ISA_USAGE = YES_ERROR;
				CLANG_WARN_DOCUMENTATION_COMMENTS = YES;
				CLANG_WARN_EMPTY_BODY = YES;
				CLANG_WARN_ENUM_CONVERSION = YES;
				CLANG_WARN_INFINITE_RECURSION = YES;
				CLANG_WARN_INT_CONVERSION = YES;
				CLANG_WARN_NON_LITERAL_NULL_CONVERSION = YES;
				CLANG_WARN_OBJC_IMPLICIT_RETAIN_SELF = YES;
				CLANG_WARN_OBJC_LITERAL_CONVERSION = YES;
				CLANG_WARN_OBJC_ROOT_CLASS = YES_ERROR;
				CLANG_WARN_QUOTED_INCLUDE_IN_FRAMEWORK_HEADER = YES;
				CLANG_WARN_RANGE_LOOP_ANALYSIS = YES;
				CLANG_WARN_STRICT_PROTOTYPES = YES;
				CLANG_WARN_SUSPICIOUS_MOVE = YES;
				CLANG_WARN_UNGUARDED_AVAILABILITY = YES_AGGRESSIVE;
				CLANG_WARN_UNREACHABLE_CODE = YES;
				CLANG_WARN__DUPLICATE_METHOD_MATCH = YES;
				COPY_PHASE_STRIP = NO;
				DEBUG_INFORMATION_FORMAT = dwarf;
				ENABLE_STRICT_OBJC_MSGSEND = YES;
				ENABLE_TESTABILITY = YES;
				GCC_C_LANGUAGE_STANDARD = gnu11;
				GCC_DYNAMIC_NO_PIC = NO;
				GCC_NO_COMMON_BLOCKS = YES;
				GCC_OPTIMIZATION_LEVEL = 0;
				GCC_PREPROCESSOR_DEFINITIONS = (
					"DEBUG=1",
					"$(inherited)",
				);
				GCC_WARN_64_TO_32_BIT_CONVERSION = YES;
				GCC_WARN_ABOUT_RETURN_TYPE = YES_ERROR;
				GCC_WARN_UNDECLARED_SELECTOR = YES;
				GCC_WARN_UNINITIALIZED_AUTOS = YES_AGGRESSIVE;
				GCC_WARN_UNUSED_FUNCTION = YES;
				GCC_WARN_UNUSED_VARIABLE = YES;
				IPHONEOS_DEPLOYMENT_TARGET = 14.4;
				MTL_ENABLE_DEBUG_INFO = INCLUDE_SOURCE;
				MTL_FAST_MATH = YES;
				ONLY_ACTIVE_ARCH = YES;
				SDKROOT = iphoneos;
				SWIFT_ACTIVE_COMPILATION_CONDITIONS = DEBUG;
				SWIFT_OPTIMIZATION_LEVEL = "-Onone";
			};
			name = Debug;
		};
		0F1F726026057A8B00EA07C4 /* Release */ = {
			isa = XCBuildConfiguration;
			buildSettings = {
				ALWAYS_SEARCH_USER_PATHS = NO;
				CLANG_ANALYZER_NONNULL = YES;
				CLANG_ANALYZER_NUMBER_OBJECT_CONVERSION = YES_AGGRESSIVE;
				CLANG_CXX_LANGUAGE_STANDARD = "gnu++14";
				CLANG_CXX_LIBRARY = "libc++";
				CLANG_ENABLE_MODULES = YES;
				CLANG_ENABLE_OBJC_ARC = YES;
				CLANG_ENABLE_OBJC_WEAK = YES;
				CLANG_WARN_BLOCK_CAPTURE_AUTORELEASING = YES;
				CLANG_WARN_BOOL_CONVERSION = YES;
				CLANG_WARN_COMMA = YES;
				CLANG_WARN_CONSTANT_CONVERSION = YES;
				CLANG_WARN_DEPRECATED_OBJC_IMPLEMENTATIONS = YES;
				CLANG_WARN_DIRECT_OBJC_ISA_USAGE = YES_ERROR;
				CLANG_WARN_DOCUMENTATION_COMMENTS = YES;
				CLANG_WARN_EMPTY_BODY = YES;
				CLANG_WARN_ENUM_CONVERSION = YES;
				CLANG_WARN_INFINITE_RECURSION = YES;
				CLANG_WARN_INT_CONVERSION = YES;
				CLANG_WARN_NON_LITERAL_NULL_CONVERSION = YES;
				CLANG_WARN_OBJC_IMPLICIT_RETAIN_SELF = YES;
				CLANG_WARN_OBJC_LITERAL_CONVERSION = YES;
				CLANG_WARN_OBJC_ROOT_CLASS = YES_ERROR;
				CLANG_WARN_QUOTED_INCLUDE_IN_FRAMEWORK_HEADER = YES;
				CLANG_WARN_RANGE_LOOP_ANALYSIS = YES;
				CLANG_WARN_STRICT_PROTOTYPES = YES;
				CLANG_WARN_SUSPICIOUS_MOVE = YES;
				CLANG_WARN_UNGUARDED_AVAILABILITY = YES_AGGRESSIVE;
				CLANG_WARN_UNREACHABLE_CODE = YES;
				CLANG_WARN__DUPLICATE_METHOD_MATCH = YES;
				COPY_PHASE_STRIP = NO;
				DEBUG_INFORMATION_FORMAT = "dwarf-with-dsym";
				ENABLE_NS_ASSERTIONS = NO;
				ENABLE_STRICT_OBJC_MSGSEND = YES;
				GCC_C_LANGUAGE_STANDARD = gnu11;
				GCC_NO_COMMON_BLOCKS = YES;
				GCC_WARN_64_TO_32_BIT_CONVERSION = YES;
				GCC_WARN_ABOUT_RETURN_TYPE = YES_ERROR;
				GCC_WARN_UNDECLARED_SELECTOR = YES;
				GCC_WARN_UNINITIALIZED_AUTOS = YES_AGGRESSIVE;
				GCC_WARN_UNUSED_FUNCTION = YES;
				GCC_WARN_UNUSED_VARIABLE = YES;
				IPHONEOS_DEPLOYMENT_TARGET = 14.4;
				MTL_ENABLE_DEBUG_INFO = NO;
				MTL_FAST_MATH = YES;
				SDKROOT = iphoneos;
				SWIFT_COMPILATION_MODE = wholemodule;
				SWIFT_OPTIMIZATION_LEVEL = "-O";
				VALIDATE_PRODUCT = YES;
			};
			name = Release;
		};
		0F1F726226057A8B00EA07C4 /* Debug */ = {
			isa = XCBuildConfiguration;
			baseConfigurationReference = A577DC7E5D68FF9481E56735 /* Pods-movieTinder.debug.xcconfig */;
			buildSettings = {
				ASSETCATALOG_COMPILER_APPICON_NAME = AppIcon;
				ASSETCATALOG_COMPILER_GLOBAL_ACCENT_COLOR_NAME = AccentColor;
				CODE_SIGN_STYLE = Automatic;
				DEVELOPMENT_ASSET_PATHS = "\"movieTinder/Preview Content\"";
				DEVELOPMENT_TEAM = EZ86QD8J6K;
				ENABLE_PREVIEWS = YES;
				INFOPLIST_FILE = movieTinder/Info.plist;
				IPHONEOS_DEPLOYMENT_TARGET = 14.0;
				LD_RUNPATH_SEARCH_PATHS = (
					"$(inherited)",
					"@executable_path/Frameworks",
				);
				PRODUCT_BUNDLE_IDENTIFIER = colbyBeach.movieTinder;
				PRODUCT_NAME = "$(TARGET_NAME)";
				SWIFT_VERSION = 5.0;
				TARGETED_DEVICE_FAMILY = "1,2";
			};
			name = Debug;
		};
		0F1F726326057A8B00EA07C4 /* Release */ = {
			isa = XCBuildConfiguration;
			baseConfigurationReference = A7162A519DD3DC17FF576E8C /* Pods-movieTinder.release.xcconfig */;
			buildSettings = {
				ASSETCATALOG_COMPILER_APPICON_NAME = AppIcon;
				ASSETCATALOG_COMPILER_GLOBAL_ACCENT_COLOR_NAME = AccentColor;
				CODE_SIGN_STYLE = Automatic;
				DEVELOPMENT_ASSET_PATHS = "\"movieTinder/Preview Content\"";
				DEVELOPMENT_TEAM = EZ86QD8J6K;
				ENABLE_PREVIEWS = YES;
				INFOPLIST_FILE = movieTinder/Info.plist;
				IPHONEOS_DEPLOYMENT_TARGET = 14.0;
				LD_RUNPATH_SEARCH_PATHS = (
					"$(inherited)",
					"@executable_path/Frameworks",
				);
				PRODUCT_BUNDLE_IDENTIFIER = colbyBeach.movieTinder;
				PRODUCT_NAME = "$(TARGET_NAME)";
				SWIFT_VERSION = 5.0;
				TARGETED_DEVICE_FAMILY = "1,2";
			};
			name = Release;
		};
		0F1F726526057A8B00EA07C4 /* Debug */ = {
			isa = XCBuildConfiguration;
			baseConfigurationReference = 582AEB83752656B2F3D5EE3D /* Pods-movieTinderTests.debug.xcconfig */;
			buildSettings = {
				ALWAYS_EMBED_SWIFT_STANDARD_LIBRARIES = YES;
				BUNDLE_LOADER = "$(TEST_HOST)";
				CODE_SIGN_STYLE = Automatic;
				INFOPLIST_FILE = movieTinderTests/Info.plist;
				IPHONEOS_DEPLOYMENT_TARGET = 14.0;
				LD_RUNPATH_SEARCH_PATHS = (
					"$(inherited)",
					"@executable_path/Frameworks",
					"@loader_path/Frameworks",
				);
				PRODUCT_BUNDLE_IDENTIFIER = colbyBeach.movieTinderTests;
				PRODUCT_NAME = "$(TARGET_NAME)";
				SWIFT_VERSION = 5.0;
				TARGETED_DEVICE_FAMILY = "1,2";
				TEST_HOST = "$(BUILT_PRODUCTS_DIR)/movieTinder.app/movieTinder";
			};
			name = Debug;
		};
		0F1F726626057A8B00EA07C4 /* Release */ = {
			isa = XCBuildConfiguration;
			baseConfigurationReference = C24805361A3E5467FFB1C346 /* Pods-movieTinderTests.release.xcconfig */;
			buildSettings = {
				ALWAYS_EMBED_SWIFT_STANDARD_LIBRARIES = YES;
				BUNDLE_LOADER = "$(TEST_HOST)";
				CODE_SIGN_STYLE = Automatic;
				INFOPLIST_FILE = movieTinderTests/Info.plist;
				IPHONEOS_DEPLOYMENT_TARGET = 14.0;
				LD_RUNPATH_SEARCH_PATHS = (
					"$(inherited)",
					"@executable_path/Frameworks",
					"@loader_path/Frameworks",
				);
				PRODUCT_BUNDLE_IDENTIFIER = colbyBeach.movieTinderTests;
				PRODUCT_NAME = "$(TARGET_NAME)";
				SWIFT_VERSION = 5.0;
				TARGETED_DEVICE_FAMILY = "1,2";
				TEST_HOST = "$(BUILT_PRODUCTS_DIR)/movieTinder.app/movieTinder";
			};
			name = Release;
		};
		0F1F726826057A8B00EA07C4 /* Debug */ = {
			isa = XCBuildConfiguration;
			baseConfigurationReference = 6832DE4DA4F600068143C058 /* Pods-movieTinder-movieTinderUITests.debug.xcconfig */;
			buildSettings = {
				ALWAYS_EMBED_SWIFT_STANDARD_LIBRARIES = YES;
				CODE_SIGN_STYLE = Automatic;
				INFOPLIST_FILE = movieTinderUITests/Info.plist;
				LD_RUNPATH_SEARCH_PATHS = (
					"$(inherited)",
					"@executable_path/Frameworks",
					"@loader_path/Frameworks",
				);
				PRODUCT_BUNDLE_IDENTIFIER = colbyBeach.movieTinderUITests;
				PRODUCT_NAME = "$(TARGET_NAME)";
				SWIFT_VERSION = 5.0;
				TARGETED_DEVICE_FAMILY = "1,2";
				TEST_TARGET_NAME = movieTinder;
			};
			name = Debug;
		};
		0F1F726926057A8B00EA07C4 /* Release */ = {
			isa = XCBuildConfiguration;
			baseConfigurationReference = DA238D55DFF3E9C6140FDFB5 /* Pods-movieTinder-movieTinderUITests.release.xcconfig */;
			buildSettings = {
				ALWAYS_EMBED_SWIFT_STANDARD_LIBRARIES = YES;
				CODE_SIGN_STYLE = Automatic;
				INFOPLIST_FILE = movieTinderUITests/Info.plist;
				LD_RUNPATH_SEARCH_PATHS = (
					"$(inherited)",
					"@executable_path/Frameworks",
					"@loader_path/Frameworks",
				);
				PRODUCT_BUNDLE_IDENTIFIER = colbyBeach.movieTinderUITests;
				PRODUCT_NAME = "$(TARGET_NAME)";
				SWIFT_VERSION = 5.0;
				TARGETED_DEVICE_FAMILY = "1,2";
				TEST_TARGET_NAME = movieTinder;
			};
			name = Release;
		};
/* End XCBuildConfiguration section */

/* Begin XCConfigurationList section */
		0F1F723726057A8A00EA07C4 /* Build configuration list for PBXProject "movieTinder" */ = {
			isa = XCConfigurationList;
			buildConfigurations = (
				0F1F725F26057A8B00EA07C4 /* Debug */,
				0F1F726026057A8B00EA07C4 /* Release */,
			);
			defaultConfigurationIsVisible = 0;
			defaultConfigurationName = Release;
		};
		0F1F726126057A8B00EA07C4 /* Build configuration list for PBXNativeTarget "movieTinder" */ = {
			isa = XCConfigurationList;
			buildConfigurations = (
				0F1F726226057A8B00EA07C4 /* Debug */,
				0F1F726326057A8B00EA07C4 /* Release */,
			);
			defaultConfigurationIsVisible = 0;
			defaultConfigurationName = Release;
		};
		0F1F726426057A8B00EA07C4 /* Build configuration list for PBXNativeTarget "movieTinderTests" */ = {
			isa = XCConfigurationList;
			buildConfigurations = (
				0F1F726526057A8B00EA07C4 /* Debug */,
				0F1F726626057A8B00EA07C4 /* Release */,
			);
			defaultConfigurationIsVisible = 0;
			defaultConfigurationName = Release;
		};
		0F1F726726057A8B00EA07C4 /* Build configuration list for PBXNativeTarget "movieTinderUITests" */ = {
			isa = XCConfigurationList;
			buildConfigurations = (
				0F1F726826057A8B00EA07C4 /* Debug */,
				0F1F726926057A8B00EA07C4 /* Release */,
			);
			defaultConfigurationIsVisible = 0;
			defaultConfigurationName = Release;
		};
/* End XCConfigurationList section */
	};
	rootObject = 0F1F723426057A8A00EA07C4 /* Project object */;
}
